
Microsoft Visual Studio Solution File, Format Version 12.00
# Visual Studio 15
VisualStudioVersion = 15.0.26124.0
MinimumVisualStudioVersion = 15.0.26124.0
Project("{2150E333-8FDC-42A3-9474-1A3956D46DE8}") = "src", "src", "{B44B61C5-BD51-4F83-A05B-E3BE0DE71850}"
EndProject
Project("{2150E333-8FDC-42A3-9474-1A3956D46DE8}") = "tests", "tests", "{B948E493-4CA9-463E-87CE-FF4C71BCCFE1}"
EndProject
Project("{2150E333-8FDC-42A3-9474-1A3956D46DE8}") = "integration-tests", "integration-tests", "{D54D7DCB-4B9C-4799-9D9A-7AB8387DBB73}"
EndProject
Project("{FAE04EC0-301F-11D3-BF4B-00C04F79EFBC}") = "BddSamples.IntegrationTesting.CalculatorTests", "tests\BddSamples.IntegrationTesting.CalculatorTests\BddSamples.IntegrationTesting.CalculatorTests.csproj", "{65F52A1E-A852-4C74-8DAF-97A94291754D}"
EndProject
Project("{FAE04EC0-301F-11D3-BF4B-00C04F79EFBC}") = "BddSamples.Calculating.Calculator", "src\BddSamples.Calculating.Calculator\BddSamples.Calculating.Calculator.csproj", "{8CF9DAB1-481D-4F31-BB08-7013BEE3AFF6}"
EndProject
Global
	GlobalSection(SolutionConfigurationPlatforms) = preSolution
		Debug|Any CPU = Debug|Any CPU
		Debug|x64 = Debug|x64
		Debug|x86 = Debug|x86
		Release|Any CPU = Release|Any CPU
		Release|x64 = Release|x64
		Release|x86 = Release|x86
	EndGlobalSection
	GlobalSection(SolutionProperties) = preSolution
		HideSolutionNode = FALSE
	EndGlobalSection
	GlobalSection(NestedProjects) = preSolution
		{65F52A1E-A852-4C74-8DAF-97A94291754D} = {D54D7DCB-4B9C-4799-9D9A-7AB8387DBB73}
		{8CF9DAB1-481D-4F31-BB08-7013BEE3AFF6} = {B44B61C5-BD51-4F83-A05B-E3BE0DE71850}
	EndGlobalSection
	GlobalSection(ProjectConfigurationPlatforms) = postSolution
		{65F52A1E-A852-4C74-8DAF-97A94291754D}.Debug|Any CPU.ActiveCfg = Debug|Any CPU
		{65F52A1E-A852-4C74-8DAF-97A94291754D}.Debug|Any CPU.Build.0 = Debug|Any CPU
		{65F52A1E-A852-4C74-8DAF-97A94291754D}.Debug|x64.ActiveCfg = Debug|Any CPU
		{65F52A1E-A852-4C74-8DAF-97A94291754D}.Debug|x64.Build.0 = Debug|Any CPU
		{65F52A1E-A852-4C74-8DAF-97A94291754D}.Debug|x86.ActiveCfg = Debug|Any CPU
		{65F52A1E-A852-4C74-8DAF-97A94291754D}.Debug|x86.Build.0 = Debug|Any CPU
		{65F52A1E-A852-4C74-8DAF-97A94291754D}.Release|Any CPU.ActiveCfg = Release|Any CPU
		{65F52A1E-A852-4C74-8DAF-97A94291754D}.Release|Any CPU.Build.0 = Release|Any CPU
		{65F52A1E-A852-4C74-8DAF-97A94291754D}.Release|x64.ActiveCfg = Release|Any CPU
		{65F52A1E-A852-4C74-8DAF-97A94291754D}.Release|x64.Build.0 = Release|Any CPU
		{65F52A1E-A852-4C74-8DAF-97A94291754D}.Release|x86.ActiveCfg = Release|Any CPU
		{65F52A1E-A852-4C74-8DAF-97A94291754D}.Release|x86.Build.0 = Release|Any CPU
		{8CF9DAB1-481D-4F31-BB08-7013BEE3AFF6}.Debug|Any CPU.ActiveCfg = Debug|Any CPU
		{8CF9DAB1-481D-4F31-BB08-7013BEE3AFF6}.Debug|Any CPU.Build.0 = Debug|Any CPU
		{8CF9DAB1-481D-4F31-BB08-7013BEE3AFF6}.Debug|x64.ActiveCfg = Debug|Any CPU
		{8CF9DAB1-481D-4F31-BB08-7013BEE3AFF6}.Debug|x64.Build.0 = Debug|Any CPU
		{8CF9DAB1-481D-4F31-BB08-7013BEE3AFF6}.Debug|x86.ActiveCfg = Debug|Any CPU
		{8CF9DAB1-481D-4F31-BB08-7013BEE3AFF6}.Debug|x86.Build.0 = Debug|Any CPU
		{8CF9DAB1-481D-4F31-BB08-7013BEE3AFF6}.Release|Any CPU.ActiveCfg = Release|Any CPU
		{8CF9DAB1-481D-4F31-BB08-7013BEE3AFF6}.Release|Any CPU.Build.0 = Release|Any CPU
		{8CF9DAB1-481D-4F31-BB08-7013BEE3AFF6}.Release|x64.ActiveCfg = Release|Any CPU
		{8CF9DAB1-481D-4F31-BB08-7013BEE3AFF6}.Release|x64.Build.0 = Release|Any CPU
		{8CF9DAB1-481D-4F31-BB08-7013BEE3AFF6}.Release|x86.ActiveCfg = Release|Any CPU
		{8CF9DAB1-481D-4F31-BB08-7013BEE3AFF6}.Release|x86.Build.0 = Release|Any CPU
	EndGlobalSection
EndGlobal
